# This file is automatically @generated by Cargo.
# It is not intended for manual editing.
version = 3

[[package]]
name = "autocfg"
version = "1.0.1"
source = "registry+https://github.com/rust-lang/crates.io-index"
checksum = "cdb031dd78e28731d87d56cc8ffef4a8f36ca26c38fe2de700543e627f8a464a"

[[package]]
name = "crlox"
version = "0.1.0"
dependencies = [
 "substring",
 "text_io",
]

[[package]]
name = "substring"
version = "1.4.5"
source = "registry+https://github.com/rust-lang/crates.io-index"
checksum = "42ee6433ecef213b2e72f587ef64a2f5943e7cd16fbd82dbe8bc07486c534c86"
dependencies = [
 "autocfg",
]

[[package]]
name = "text_io"
version = "0.1.9"
source = "registry+https://github.com/rust-lang/crates.io-index"
checksum = "ee74b5019b48991b09803402aaf9e65a053b3993fe9d9c475ab67a395358ba76"